// !$*UTF8*$!
{
	archiveVersion = 1;
	classes = {
	};
	objectVersion = 55;
	objects = {

/* Begin PBXBuildFile section */
		6A1E10012F56A00100ABC001 /* CakeDesign.swift in Sources */ = {isa = PBXBuildFile; fileRef = 6A1E10032F56A00100ABC001 /* CakeDesign.swift */; };
		6A1E10022F56A00100ABC001 /* CakeDesignerViewController.swift in Sources */ = {isa = PBXBuildFile; fileRef = 6A1E10042F56A00100ABC001 /* CakeDesignerViewController.swift */; };
		6918E1EE2F326A50006347A0 /* AdressesMock.swift in Sources */ = {isa = PBXBuildFile; fileRef = 6918E1ED2F326A46006347A0 /* AdressesMock.swift */; };
		6918E1F02F326A5C006347A0 /* AddressesViewController.swift in Sources */ = {isa = PBXBuildFile; fileRef = 6918E1EF2F326A5C006347A0 /* AddressesViewController.swift */; };
		6918E1F22F326A74006347A0 /* AddAddressViewController.swift in Sources */ = {isa = PBXBuildFile; fileRef = 6918E1F12F326A73006347A0 /* AddAddressViewController.swift */; };
		6918E2092F3363E8006347A0 /* AddressCell.swift in Sources */ = {isa = PBXBuildFile; fileRef = 6918E2082F3363E7006347A0 /* AddressCell.swift */; };
		6918E20B2F336808006347A0 /* LabeledFieldView.swift in Sources */ = {isa = PBXBuildFile; fileRef = 6918E20A2F336805006347A0 /* LabeledFieldView.swift */; };
		6918E20C2F3390A6006347A0 /* CoreMotion.framework in Frameworks */ = {isa = PBXBuildFile; fileRef = 6918E2002F334F95006347A0 /* CoreMotion.framework */; };
		6918E20E2F3390A8006347A0 /* DeviceCheck.framework in Frameworks */ = {isa = PBXBuildFile; fileRef = 6918E2022F334F9E006347A0 /* DeviceCheck.framework */; };
		6918E2102F3390A9006347A0 /* NetworkExtension.framework in Frameworks */ = {isa = PBXBuildFile; fileRef = 6918E2042F334FA7006347A0 /* NetworkExtension.framework */; };
		6918E2142F3390AC006347A0 /* SystemConfiguration.framework in Frameworks */ = {isa = PBXBuildFile; fileRef = 6918E2062F334FB0006347A0 /* SystemConfiguration.framework */; };
		6918E2172F339F2E006347A0 /* AddressService.swift in Sources */ = {isa = PBXBuildFile; fileRef = 6918E2162F339F2D006347A0 /* AddressService.swift */; };
		6918E2192F347F5B006347A0 /* SplashViewController.swift in Sources */ = {isa = PBXBuildFile; fileRef = 6918E2182F347F59006347A0 /* SplashViewController.swift */; };
		6918E21C2F35FB27006347A0 /* MakeOrderViewController.swift in Sources */ = {isa = PBXBuildFile; fileRef = 6918E21B2F35FB22006347A0 /* MakeOrderViewController.swift */; };
		6918E21E2F362748006347A0 /* OrdersService.swift in Sources */ = {isa = PBXBuildFile; fileRef = 6918E21D2F362747006347A0 /* OrdersService.swift */; };
		691CEEFE2F2CA2C600B17E1B /* CartMock.swift in Sources */ = {isa = PBXBuildFile; fileRef = 691CEEFD2F2CA2C100B17E1B /* CartMock.swift */; };
		691CEF002F2CA31100B17E1B /* CartItemCell.swift in Sources */ = {isa = PBXBuildFile; fileRef = 691CEEFF2F2CA30A00B17E1B /* CartItemCell.swift */; };
		691CEF032F2CC74C00B17E1B /* LaravelMenuCell.swift in Sources */ = {isa = PBXBuildFile; fileRef = 691CEF022F2CC74B00B17E1B /* LaravelMenuCell.swift */; };
		69324CC52EB7BA3A005906C1 /* RegistrationViewController.swift in Sources */ = {isa = PBXBuildFile; fileRef = 69324CC42EB7BA35005906C1 /* RegistrationViewController.swift */; };
		694DD43A2F3CED2B0074AC78 /* OrdersViewController.swift in Sources */ = {isa = PBXBuildFile; fileRef = 694DD4392F3CED290074AC78 /* OrdersViewController.swift */; };
		694DD43C2F3CED860074AC78 /* OrderCell.swift in Sources */ = {isa = PBXBuildFile; fileRef = 694DD43B2F3CED850074AC78 /* OrderCell.swift */; };
		695C2EEC2ECCD19400EBEDF7 /* MenuViewController.swift in Sources */ = {isa = PBXBuildFile; fileRef = 695C2EEB2ECCD17B00EBEDF7 /* MenuViewController.swift */; };
		69701FE32ECE1292005DACD8 /* LaravelMenuViewController.swift in Sources */ = {isa = PBXBuildFile; fileRef = 69701FE22ECE1281005DACD8 /* LaravelMenuViewController.swift */; };
		697AC8672EC4D3EF00316CBD /* MainWindowViewController.swift in Sources */ = {isa = PBXBuildFile; fileRef = 697AC8662EC4D3DC00316CBD /* MainWindowViewController.swift */; };
		697D7A2B2F41F97D00B4BB75 /* OrderDetailsViewController.swift in Sources */ = {isa = PBXBuildFile; fileRef = 697D7A2A2F41F97C00B4BB75 /* OrderDetailsViewController.swift */; };
		69815A862ED8BFBE00F1FAA1 /* ProductDetailViewController.swift in Sources */ = {isa = PBXBuildFile; fileRef = 69815A852ED8BFBC00F1FAA1 /* ProductDetailViewController.swift */; };
		69917EF42EC9F9B300A40AFE /* MapboxMaps in Frameworks */ = {isa = PBXBuildFile; productRef = 69917EF32EC9F9B300A40AFE /* MapboxMaps */; };
		69917EF62EC9FA9000A40AFE /* MapViewController.swift in Sources */ = {isa = PBXBuildFile; fileRef = 69917EF52EC9FA9000A40AFE /* MapViewController.swift */; };
		69ACD87F2EBBA6190032C695 /* Supabase.swift in Sources */ = {isa = PBXBuildFile; fileRef = 69ACD87E2EBBA6150032C695 /* Supabase.swift */; };
		69ACD8822EBBA7C00032C695 /* Auth in Frameworks */ = {isa = PBXBuildFile; productRef = 69ACD8812EBBA7C00032C695 /* Auth */; };
		69ACD8842EBBA7C00032C695 /* Functions in Frameworks */ = {isa = PBXBuildFile; productRef = 69ACD8832EBBA7C00032C695 /* Functions */; };
		69ACD8862EBBA7C00032C695 /* PostgREST in Frameworks */ = {isa = PBXBuildFile; productRef = 69ACD8852EBBA7C00032C695 /* PostgREST */; };
		69ACD8882EBBA7C00032C695 /* Realtime in Frameworks */ = {isa = PBXBuildFile; productRef = 69ACD8872EBBA7C00032C695 /* Realtime */; };
		69ACD88A2EBBA7C00032C695 /* Storage in Frameworks */ = {isa = PBXBuildFile; productRef = 69ACD8892EBBA7C00032C695 /* Storage */; };
		69ACD88C2EBBA93C0032C695 /* Auth in Frameworks */ = {isa = PBXBuildFile; productRef = 69ACD88B2EBBA93C0032C695 /* Auth */; };
		69ACD88E2EBBA93C0032C695 /* Functions in Frameworks */ = {isa = PBXBuildFile; productRef = 69ACD88D2EBBA93C0032C695 /* Functions */; };
		69ACD8902EBBA93C0032C695 /* PostgREST in Frameworks */ = {isa = PBXBuildFile; productRef = 69ACD88F2EBBA93C0032C695 /* PostgREST */; };
		69ACD8922EBBA93C0032C695 /* Realtime in Frameworks */ = {isa = PBXBuildFile; productRef = 69ACD8912EBBA93C0032C695 /* Realtime */; };
		69ACD8942EBBA93C0032C695 /* Storage in Frameworks */ = {isa = PBXBuildFile; productRef = 69ACD8932EBBA93C0032C695 /* Storage */; };
		69BBA5AF2EBBAA8D0004890E /* Auth in Frameworks */ = {isa = PBXBuildFile; productRef = 69BBA5AE2EBBAA8D0004890E /* Auth */; };
		69BBA5B12EBBAA8D0004890E /* Functions in Frameworks */ = {isa = PBXBuildFile; productRef = 69BBA5B02EBBAA8D0004890E /* Functions */; };
		69BBA5B32EBBAA8D0004890E /* PostgREST in Frameworks */ = {isa = PBXBuildFile; productRef = 69BBA5B22EBBAA8D0004890E /* PostgREST */; };
		69BBA5B52EBBAA8D0004890E /* Realtime in Frameworks */ = {isa = PBXBuildFile; productRef = 69BBA5B42EBBAA8D0004890E /* Realtime */; };
		69BBA5B72EBBAA8D0004890E /* Storage in Frameworks */ = {isa = PBXBuildFile; productRef = 69BBA5B62EBBAA8D0004890E /* Storage */; };
		69BBA5B92EBBAA8D0004890E /* Supabase in Frameworks */ = {isa = PBXBuildFile; productRef = 69BBA5B82EBBAA8D0004890E /* Supabase */; };
		69DB2A6E2EF813C2003E00FB /* SnapKit in Frameworks */ = {isa = PBXBuildFile; productRef = 69DB2A6D2EF813C2003E00FB /* SnapKit */; };
		69DB2A742EF81403003E00FB /* Shark.swift in Sources */ = {isa = PBXBuildFile; fileRef = 69DB2A732EF81400003E00FB /* Shark.swift */; };
		69DB2A762EF81452003E00FB /* Tap.swift in Sources */ = {isa = PBXBuildFile; fileRef = 69DB2A752EF8144F003E00FB /* Tap.swift */; };
		69DB2A792EF817EE003E00FB /* SupabaseService.swift in Sources */ = {isa = PBXBuildFile; fileRef = 69DB2A782EF817E6003E00FB /* SupabaseService.swift */; };
		69DB2A7B2EF83093003E00FB /* ForgotViewController.swift in Sources */ = {isa = PBXBuildFile; fileRef = 69DB2A7A2EF83091003E00FB /* ForgotViewController.swift */; };
		69DB2A7E2EF92E64003E00FB /* AuthService.swift in Sources */ = {isa = PBXBuildFile; fileRef = 69DB2A7C2EF92D80003E00FB /* AuthService.swift */; };
		69DB2B322F095E1B003E00FB /* ProductsService.swift in Sources */ = {isa = PBXBuildFile; fileRef = 69DB2B312F095E18003E00FB /* ProductsService.swift */; };
		69DB2B342F095FDF003E00FB /* ProductDetailService.swift in Sources */ = {isa = PBXBuildFile; fileRef = 69DB2B332F095FD5003E00FB /* ProductDetailService.swift */; };
		69DB2B492F0BA5F2003E00FB /* ProfileViewController.swift in Sources */ = {isa = PBXBuildFile; fileRef = 69DB2B482F0BA5F0003E00FB /* ProfileViewController.swift */; };
		69DB2B4B2F0BAE15003E00FB /* MainTabBarController.swift in Sources */ = {isa = PBXBuildFile; fileRef = 69DB2B4A2F0BAE14003E00FB /* MainTabBarController.swift */; };
		69DB2B4E2F0BAEF4003E00FB /* UserDTO+Mock.swift in Sources */ = {isa = PBXBuildFile; fileRef = 69DB2B4D2F0BAEF2003E00FB /* UserDTO+Mock.swift */; };
		69DB2B532F0BD97C003E00FB /* UserDTO.swift in Sources */ = {isa = PBXBuildFile; fileRef = 69DB2B522F0BD97C003E00FB /* UserDTO.swift */; };
		69DB2B552F0BD9C1003E00FB /* UpdateProfileDTO.swift in Sources */ = {isa = PBXBuildFile; fileRef = 69DB2B542F0BD9C0003E00FB /* UpdateProfileDTO.swift */; };
		69DB2B582F0BDA15003E00FB /* TextFieldCell.swift in Sources */ = {isa = PBXBuildFile; fileRef = 69DB2B572F0BDA15003E00FB /* TextFieldCell.swift */; };
		69DB2B5A2F0BDA28003E00FB /* SwitchCell.swift in Sources */ = {isa = PBXBuildFile; fileRef = 69DB2B592F0BDA25003E00FB /* SwitchCell.swift */; };
		69DB2B5C2F0E61DB003E00FB /* CartViewController.swift in Sources */ = {isa = PBXBuildFile; fileRef = 69DB2B5B2F0E61D9003E00FB /* CartViewController.swift */; };
		69DB2B602F0E704D003E00FB /* CartService.swift in Sources */ = {isa = PBXBuildFile; fileRef = 69DB2B5F2F0E704B003E00FB /* CartService.swift */; };
		69DB2B622F0E70B9003E00FB /* APIClient.swift in Sources */ = {isa = PBXBuildFile; fileRef = 69DB2B612F0E70B8003E00FB /* APIClient.swift */; };
		69DB2B642F0E711D003E00FB /* CartDTO.swift in Sources */ = {isa = PBXBuildFile; fileRef = 69DB2B632F0E7117003E00FB /* CartDTO.swift */; };
		69EEC5642EAE25C00019CA67 /* YS Display-Bold.ttf in Resources */ = {isa = PBXBuildFile; fileRef = 69EEC5612EAE25C00019CA67 /* YS Display-Bold.ttf */; };
		69EEC5652EAE25C00019CA67 /* YS Display-Medium.ttf in Resources */ = {isa = PBXBuildFile; fileRef = 69EEC5622EAE25C00019CA67 /* YS Display-Medium.ttf */; };
		6C093F755CFFDBA6688FB0BE /* Pods_Cafe.framework in Frameworks */ = {isa = PBXBuildFile; fileRef = 695B83B6007763841DF42415 /* Pods_Cafe.framework */; };
		783C076D2ED3298B004EA925 /* Lottie in Frameworks */ = {isa = PBXBuildFile; productRef = 783C076C2ED3298B004EA925 /* Lottie */; };
		783C076F2ED329B9004EA925 /* LottieLogo1.json in Resources */ = {isa = PBXBuildFile; fileRef = 783C076E2ED329B9004EA925 /* LottieLogo1.json */; };
		AD1ABAB22831907B00B3E448 /* AppDelegate.swift in Sources */ = {isa = PBXBuildFile; fileRef = AD1ABAB12831907B00B3E448 /* AppDelegate.swift */; };
		AD1ABAB42831907B00B3E448 /* SceneDelegate.swift in Sources */ = {isa = PBXBuildFile; fileRef = AD1ABAB32831907B00B3E448 /* SceneDelegate.swift */; };
		AD1ABAB62831907B00B3E448 /* LoginViewController.swift in Sources */ = {isa = PBXBuildFile; fileRef = AD1ABAB52831907B00B3E448 /* LoginViewController.swift */; };
		AD1ABAB92831907B00B3E448 /* Main.storyboard in Resources */ = {isa = PBXBuildFile; fileRef = AD1ABAB72831907B00B3E448 /* Main.storyboard */; };
		AD1ABABB2831907F00B3E448 /* Assets.xcassets in Resources */ = {isa = PBXBuildFile; fileRef = AD1ABABA2831907F00B3E448 /* Assets.xcassets */; };
		AD1ABABE2831907F00B3E448 /* LaunchScreen.storyboard in Resources */ = {isa = PBXBuildFile; fileRef = AD1ABABC2831907F00B3E448 /* LaunchScreen.storyboard */; };
		AD5EE5DE284D7887003966EF /* UIColor+Extensions.swift in Sources */ = {isa = PBXBuildFile; fileRef = AD5EE5DD284D7887003966EF /* UIColor+Extensions.swift */; };
		AD77F5742857F8810062FB14 /* Date+Extensions.swift in Sources */ = {isa = PBXBuildFile; fileRef = AD77F5732857F8810062FB14 /* Date+Extensions.swift */; };
		AD7AFA552836189F00399704 /* Array+Extensions.swift in Sources */ = {isa = PBXBuildFile; fileRef = AD7AFA542836189F00399704 /* Array+Extensions.swift */; };
/* End PBXBuildFile section */

/* Begin PBXFileReference section */
		6A1E10032F56A00100ABC001 /* CakeDesign.swift */ = {isa = PBXFileReference; lastKnownFileType = sourcecode.swift; path = CakeDesign.swift; sourceTree = "<group>"; };
		6A1E10042F56A00100ABC001 /* CakeDesignerViewController.swift */ = {isa = PBXFileReference; lastKnownFileType = sourcecode.swift; path = CakeDesignerViewController.swift; sourceTree = "<group>"; };
		6918E1ED2F326A46006347A0 /* AdressesMock.swift */ = {isa = PBXFileReference; lastKnownFileType = sourcecode.swift; path = AdressesMock.swift; sourceTree = "<group>"; };
		6918E1EF2F326A5C006347A0 /* AddressesViewController.swift */ = {isa = PBXFileReference; lastKnownFileType = sourcecode.swift; path = AddressesViewController.swift; sourceTree = "<group>"; };
		6918E1F12F326A73006347A0 /* AddAddressViewController.swift */ = {isa = PBXFileReference; lastKnownFileType = sourcecode.swift; path = AddAddressViewController.swift; sourceTree = "<group>"; };
		6918E2002F334F95006347A0 /* CoreMotion.framework */ = {isa = PBXFileReference; lastKnownFileType = wrapper.framework; name = CoreMotion.framework; path = System/Library/Frameworks/CoreMotion.framework; sourceTree = SDKROOT; };
		6918E2022F334F9E006347A0 /* DeviceCheck.framework */ = {isa = PBXFileReference; lastKnownFileType = wrapper.framework; name = DeviceCheck.framework; path = System/Library/Frameworks/DeviceCheck.framework; sourceTree = SDKROOT; };
		6918E2042F334FA7006347A0 /* NetworkExtension.framework */ = {isa = PBXFileReference; lastKnownFileType = wrapper.framework; name = NetworkExtension.framework; path = System/Library/Frameworks/NetworkExtension.framework; sourceTree = SDKROOT; };
		6918E2062F334FB0006347A0 /* SystemConfiguration.framework */ = {isa = PBXFileReference; lastKnownFileType = wrapper.framework; name = SystemConfiguration.framework; path = System/Library/Frameworks/SystemConfiguration.framework; sourceTree = SDKROOT; };
		6918E2082F3363E7006347A0 /* AddressCell.swift */ = {isa = PBXFileReference; lastKnownFileType = sourcecode.swift; path = AddressCell.swift; sourceTree = "<group>"; };
		6918E20A2F336805006347A0 /* LabeledFieldView.swift */ = {isa = PBXFileReference; lastKnownFileType = sourcecode.swift; path = LabeledFieldView.swift; sourceTree = "<group>"; };
		6918E2162F339F2D006347A0 /* AddressService.swift */ = {isa = PBXFileReference; lastKnownFileType = sourcecode.swift; path = AddressService.swift; sourceTree = "<group>"; };
		6918E2182F347F59006347A0 /* SplashViewController.swift */ = {isa = PBXFileReference; lastKnownFileType = sourcecode.swift; path = SplashViewController.swift; sourceTree = "<group>"; };
		6918E21B2F35FB22006347A0 /* MakeOrderViewController.swift */ = {isa = PBXFileReference; lastKnownFileType = sourcecode.swift; path = MakeOrderViewController.swift; sourceTree = "<group>"; };
		6918E21D2F362747006347A0 /* OrdersService.swift */ = {isa = PBXFileReference; lastKnownFileType = sourcecode.swift; path = OrdersService.swift; sourceTree = "<group>"; };
		691CEEFD2F2CA2C100B17E1B /* CartMock.swift */ = {isa = PBXFileReference; lastKnownFileType = sourcecode.swift; path = CartMock.swift; sourceTree = "<group>"; };
		691CEEFF2F2CA30A00B17E1B /* CartItemCell.swift */ = {isa = PBXFileReference; lastKnownFileType = sourcecode.swift; path = CartItemCell.swift; sourceTree = "<group>"; };
		691CEF022F2CC74B00B17E1B /* LaravelMenuCell.swift */ = {isa = PBXFileReference; lastKnownFileType = sourcecode.swift; path = LaravelMenuCell.swift; sourceTree = "<group>"; };
		69324CC42EB7BA35005906C1 /* RegistrationViewController.swift */ = {isa = PBXFileReference; lastKnownFileType = sourcecode.swift; path = RegistrationViewController.swift; sourceTree = "<group>"; };
		694DD4392F3CED290074AC78 /* OrdersViewController.swift */ = {isa = PBXFileReference; lastKnownFileType = sourcecode.swift; path = OrdersViewController.swift; sourceTree = "<group>"; };
		694DD43B2F3CED850074AC78 /* OrderCell.swift */ = {isa = PBXFileReference; lastKnownFileType = sourcecode.swift; path = OrderCell.swift; sourceTree = "<group>"; };
		695B83B6007763841DF42415 /* Pods_Cafe.framework */ = {isa = PBXFileReference; explicitFileType = wrapper.framework; includeInIndex = 0; path = Pods_Cafe.framework; sourceTree = BUILT_PRODUCTS_DIR; };
		695C2EEB2ECCD17B00EBEDF7 /* MenuViewController.swift */ = {isa = PBXFileReference; lastKnownFileType = sourcecode.swift; path = MenuViewController.swift; sourceTree = "<group>"; };
		69701FE22ECE1281005DACD8 /* LaravelMenuViewController.swift */ = {isa = PBXFileReference; lastKnownFileType = sourcecode.swift; path = LaravelMenuViewController.swift; sourceTree = "<group>"; };
		697AC8662EC4D3DC00316CBD /* MainWindowViewController.swift */ = {isa = PBXFileReference; lastKnownFileType = sourcecode.swift; path = MainWindowViewController.swift; sourceTree = "<group>"; };
		697D7A292F41F97000B4BB75 /* Untitled.swift */ = {isa = PBXFileReference; lastKnownFileType = sourcecode.swift; path = Untitled.swift; sourceTree = "<group>"; };
		697D7A2A2F41F97C00B4BB75 /* OrderDetailsViewController.swift */ = {isa = PBXFileReference; lastKnownFileType = sourcecode.swift; path = OrderDetailsViewController.swift; sourceTree = "<group>"; };
		69815A852ED8BFBC00F1FAA1 /* ProductDetailViewController.swift */ = {isa = PBXFileReference; lastKnownFileType = sourcecode.swift; path = ProductDetailViewController.swift; sourceTree = "<group>"; };
		69917EF52EC9FA9000A40AFE /* MapViewController.swift */ = {isa = PBXFileReference; lastKnownFileType = sourcecode.swift; path = MapViewController.swift; sourceTree = "<group>"; };
		69ACD87E2EBBA6150032C695 /* Supabase.swift */ = {isa = PBXFileReference; lastKnownFileType = sourcecode.swift; path = Supabase.swift; sourceTree = "<group>"; };
		69DB2A732EF81400003E00FB /* Shark.swift */ = {isa = PBXFileReference; lastKnownFileType = sourcecode.swift; path = Shark.swift; sourceTree = "<group>"; };
		69DB2A752EF8144F003E00FB /* Tap.swift */ = {isa = PBXFileReference; lastKnownFileType = sourcecode.swift; path = Tap.swift; sourceTree = "<group>"; };
		69DB2A782EF817E6003E00FB /* SupabaseService.swift */ = {isa = PBXFileReference; lastKnownFileType = sourcecode.swift; path = SupabaseService.swift; sourceTree = "<group>"; };
		69DB2A7A2EF83091003E00FB /* ForgotViewController.swift */ = {isa = PBXFileReference; lastKnownFileType = sourcecode.swift; path = ForgotViewController.swift; sourceTree = "<group>"; };
		69DB2A7C2EF92D80003E00FB /* AuthService.swift */ = {isa = PBXFileReference; lastKnownFileType = sourcecode.swift; path = AuthService.swift; sourceTree = "<group>"; };
		69DB2B312F095E18003E00FB /* ProductsService.swift */ = {isa = PBXFileReference; lastKnownFileType = sourcecode.swift; path = ProductsService.swift; sourceTree = "<group>"; };
		69DB2B332F095FD5003E00FB /* ProductDetailService.swift */ = {isa = PBXFileReference; lastKnownFileType = sourcecode.swift; path = ProductDetailService.swift; sourceTree = "<group>"; };
		69DB2B482F0BA5F0003E00FB /* ProfileViewController.swift */ = {isa = PBXFileReference; lastKnownFileType = sourcecode.swift; path = ProfileViewController.swift; sourceTree = "<group>"; };
		69DB2B4A2F0BAE14003E00FB /* MainTabBarController.swift */ = {isa = PBXFileReference; lastKnownFileType = sourcecode.swift; path = MainTabBarController.swift; sourceTree = "<group>"; };
		69DB2B4D2F0BAEF2003E00FB /* UserDTO+Mock.swift */ = {isa = PBXFileReference; lastKnownFileType = sourcecode.swift; path = "UserDTO+Mock.swift"; sourceTree = "<group>"; };
		69DB2B522F0BD97C003E00FB /* UserDTO.swift */ = {isa = PBXFileReference; lastKnownFileType = sourcecode.swift; path = UserDTO.swift; sourceTree = "<group>"; };
		69DB2B542F0BD9C0003E00FB /* UpdateProfileDTO.swift */ = {isa = PBXFileReference; lastKnownFileType = sourcecode.swift; path = UpdateProfileDTO.swift; sourceTree = "<group>"; };
		69DB2B572F0BDA15003E00FB /* TextFieldCell.swift */ = {isa = PBXFileReference; lastKnownFileType = sourcecode.swift; path = TextFieldCell.swift; sourceTree = "<group>"; };
		69DB2B592F0BDA25003E00FB /* SwitchCell.swift */ = {isa = PBXFileReference; lastKnownFileType = sourcecode.swift; path = SwitchCell.swift; sourceTree = "<group>"; };
		69DB2B5B2F0E61D9003E00FB /* CartViewController.swift */ = {isa = PBXFileReference; lastKnownFileType = sourcecode.swift; path = CartViewController.swift; sourceTree = "<group>"; };
		69DB2B5F2F0E704B003E00FB /* CartService.swift */ = {isa = PBXFileReference; lastKnownFileType = sourcecode.swift; path = CartService.swift; sourceTree = "<group>"; };
		69DB2B612F0E70B8003E00FB /* APIClient.swift */ = {isa = PBXFileReference; lastKnownFileType = sourcecode.swift; path = APIClient.swift; sourceTree = "<group>"; };
		69DB2B632F0E7117003E00FB /* CartDTO.swift */ = {isa = PBXFileReference; lastKnownFileType = sourcecode.swift; path = CartDTO.swift; sourceTree = "<group>"; };
		69EEC5612EAE25C00019CA67 /* YS Display-Bold.ttf */ = {isa = PBXFileReference; lastKnownFileType = file; path = "YS Display-Bold.ttf"; sourceTree = "<group>"; };
		69EEC5622EAE25C00019CA67 /* YS Display-Medium.ttf */ = {isa = PBXFileReference; lastKnownFileType = file; path = "YS Display-Medium.ttf"; sourceTree = "<group>"; };
		783C076E2ED329B9004EA925 /* LottieLogo1.json */ = {isa = PBXFileReference; lastKnownFileType = text.json; path = LottieLogo1.json; sourceTree = "<group>"; };
		AA19ECC7542DF5AE2EF11158 /* Pods-Cafe.release.xcconfig */ = {isa = PBXFileReference; includeInIndex = 1; lastKnownFileType = text.xcconfig; name = "Pods-Cafe.release.xcconfig"; path = "Target Support Files/Pods-Cafe/Pods-Cafe.release.xcconfig"; sourceTree = "<group>"; };
		AD1ABAAE2831907B00B3E448 /* Cafe.app */ = {isa = PBXFileReference; explicitFileType = wrapper.application; includeInIndex = 0; path = Cafe.app; sourceTree = BUILT_PRODUCTS_DIR; };
		AD1ABAB12831907B00B3E448 /* AppDelegate.swift */ = {isa = PBXFileReference; lastKnownFileType = sourcecode.swift; path = AppDelegate.swift; sourceTree = "<group>"; };
		AD1ABAB32831907B00B3E448 /* SceneDelegate.swift */ = {isa = PBXFileReference; lastKnownFileType = sourcecode.swift; path = SceneDelegate.swift; sourceTree = "<group>"; };
		AD1ABAB52831907B00B3E448 /* LoginViewController.swift */ = {isa = PBXFileReference; lastKnownFileType = sourcecode.swift; path = LoginViewController.swift; sourceTree = "<group>"; };
		AD1ABAB82831907B00B3E448 /* Base */ = {isa = PBXFileReference; lastKnownFileType = file.storyboard; name = Base; path = Base.lproj/Main.storyboard; sourceTree = "<group>"; };
		AD1ABABA2831907F00B3E448 /* Assets.xcassets */ = {isa = PBXFileReference; lastKnownFileType = folder.assetcatalog; path = Assets.xcassets; sourceTree = "<group>"; };
		AD1ABABD2831907F00B3E448 /* Base */ = {isa = PBXFileReference; lastKnownFileType = file.storyboard; name = Base; path = Base.lproj/LaunchScreen.storyboard; sourceTree = "<group>"; };
		AD1ABABF2831907F00B3E448 /* Info.plist */ = {isa = PBXFileReference; lastKnownFileType = text.plist.xml; path = Info.plist; sourceTree = "<group>"; };
		AD5EE5DD284D7887003966EF /* UIColor+Extensions.swift */ = {isa = PBXFileReference; fileEncoding = 4; lastKnownFileType = sourcecode.swift; path = "UIColor+Extensions.swift"; sourceTree = "<group>"; };
		AD77F5732857F8810062FB14 /* Date+Extensions.swift */ = {isa = PBXFileReference; lastKnownFileType = sourcecode.swift; path = "Date+Extensions.swift"; sourceTree = "<group>"; };
		AD7AFA542836189F00399704 /* Array+Extensions.swift */ = {isa = PBXFileReference; lastKnownFileType = sourcecode.swift; path = "Array+Extensions.swift"; sourceTree = "<group>"; };
		B02BA7344914BE9C245783CD /* Pods-Cafe.debug.xcconfig */ = {isa = PBXFileReference; includeInIndex = 1; lastKnownFileType = text.xcconfig; name = "Pods-Cafe.debug.xcconfig"; path = "Target Support Files/Pods-Cafe/Pods-Cafe.debug.xcconfig"; sourceTree = "<group>"; };
/* End PBXFileReference section */

/* Begin PBXFrameworksBuildPhase section */
		AD1ABAAB2831907B00B3E448 /* Frameworks */ = {
			isa = PBXFrameworksBuildPhase;
			buildActionMask = 2147483647;
			files = (
				69ACD8922EBBA93C0032C695 /* Realtime in Frameworks */,
				69ACD8862EBBA7C00032C695 /* PostgREST in Frameworks */,
				69ACD8842EBBA7C00032C695 /* Functions in Frameworks */,
				69917EF42EC9F9B300A40AFE /* MapboxMaps in Frameworks */,
				69BBA5B72EBBAA8D0004890E /* Storage in Frameworks */,
				69ACD88C2EBBA93C0032C695 /* Auth in Frameworks */,
				6918E20C2F3390A6006347A0 /* CoreMotion.framework in Frameworks */,
				69ACD8822EBBA7C00032C695 /* Auth in Frameworks */,
				69ACD8902EBBA93C0032C695 /* PostgREST in Frameworks */,
				69DB2A6E2EF813C2003E00FB /* SnapKit in Frameworks */,
				69BBA5B32EBBAA8D0004890E /* PostgREST in Frameworks */,
				69BBA5B52EBBAA8D0004890E /* Realtime in Frameworks */,
				69BBA5B12EBBAA8D0004890E /* Functions in Frameworks */,
				6918E2102F3390A9006347A0 /* NetworkExtension.framework in Frameworks */,
				783C076D2ED3298B004EA925 /* Lottie in Frameworks */,
				69ACD88E2EBBA93C0032C695 /* Functions in Frameworks */,
				69ACD88A2EBBA7C00032C695 /* Storage in Frameworks */,
				69BBA5B92EBBAA8D0004890E /* Supabase in Frameworks */,
				69ACD8942EBBA93C0032C695 /* Storage in Frameworks */,
				69BBA5AF2EBBAA8D0004890E /* Auth in Frameworks */,
				69ACD8882EBBA7C00032C695 /* Realtime in Frameworks */,
				6918E2142F3390AC006347A0 /* SystemConfiguration.framework in Frameworks */,
				6918E20E2F3390A8006347A0 /* DeviceCheck.framework in Frameworks */,
				6C093F755CFFDBA6688FB0BE /* Pods_Cafe.framework in Frameworks */,
			);
			runOnlyForDeploymentPostprocessing = 0;
		};
/* End PBXFrameworksBuildPhase section */

/* Begin PBXGroup section */
		6A1E10052F56A00100ABC001 /* Cake Designer */ = {
			isa = PBXGroup;
			children = (
				6A1E10032F56A00100ABC001 /* CakeDesign.swift */,
				6A1E10042F56A00100ABC001 /* CakeDesignerViewController.swift */,
			);
			path = "Cake Designer";
			sourceTree = "<group>";
		};
		6918E1EB2F3262E6006347A0 /* Adresses */ = {
			isa = PBXGroup;
			children = (
				6918E20A2F336805006347A0 /* LabeledFieldView.swift */,
				6918E2082F3363E7006347A0 /* AddressCell.swift */,
				6918E1F12F326A73006347A0 /* AddAddressViewController.swift */,
				6918E1EF2F326A5C006347A0 /* AddressesViewController.swift */,
				6918E1ED2F326A46006347A0 /* AdressesMock.swift */,
			);
			path = Adresses;
			sourceTree = "<group>";
		};
		6918E1EC2F3262EC006347A0 /* Orders */ = {
			isa = PBXGroup;
			children = (
				697D7A2A2F41F97C00B4BB75 /* OrderDetailsViewController.swift */,
				697D7A292F41F97000B4BB75 /* Untitled.swift */,
				694DD43B2F3CED850074AC78 /* OrderCell.swift */,
				694DD4392F3CED290074AC78 /* OrdersViewController.swift */,
			);
			path = Orders;
			sourceTree = "<group>";
		};
		6918E21A2F35FABF006347A0 /* MakeOrder */ = {
			isa = PBXGroup;
			children = (
				6918E21B2F35FB22006347A0 /* MakeOrderViewController.swift */,
			);
			path = MakeOrder;
			sourceTree = "<group>";
		};
		691CEEFC2F2CA2AB00B17E1B /* Cart */ = {
			isa = PBXGroup;
			children = (
				6918E21A2F35FABF006347A0 /* MakeOrder */,
				691CEEFF2F2CA30A00B17E1B /* CartItemCell.swift */,
				691CEEFD2F2CA2C100B17E1B /* CartMock.swift */,
				69DB2B5B2F0E61D9003E00FB /* CartViewController.swift */,
			);
			path = Cart;
			sourceTree = "<group>";
		};
		691CEF012F2CB1B700B17E1B /* Profile */ = {
			isa = PBXGroup;
			children = (
				6918E1EC2F3262EC006347A0 /* Orders */,
				6918E1EB2F3262E6006347A0 /* Adresses */,
				69DB2B482F0BA5F0003E00FB /* ProfileViewController.swift */,
			);
			path = Profile;
			sourceTree = "<group>";
		};
		69BBA5AD2EBBAA8D0004890E /* Frameworks */ = {
			isa = PBXGroup;
			children = (
				6918E2062F334FB0006347A0 /* SystemConfiguration.framework */,
				6918E2042F334FA7006347A0 /* NetworkExtension.framework */,
				6918E2022F334F9E006347A0 /* DeviceCheck.framework */,
				6918E2002F334F95006347A0 /* CoreMotion.framework */,
				695B83B6007763841DF42415 /* Pods_Cafe.framework */,
			);
			name = Frameworks;
			sourceTree = "<group>";
		};
		69DB2A722EF813F6003E00FB /* Common */ = {
			isa = PBXGroup;
			children = (
				69DB2A752EF8144F003E00FB /* Tap.swift */,
				69DB2A732EF81400003E00FB /* Shark.swift */,
			);
			path = Common;
			sourceTree = "<group>";
		};
		69DB2A772EF817D8003E00FB /* Services */ = {
			isa = PBXGroup;
			children = (
				69DB2B612F0E70B8003E00FB /* APIClient.swift */,
				69DB2A7C2EF92D80003E00FB /* AuthService.swift */,
				69DB2B312F095E18003E00FB /* ProductsService.swift */,
				69DB2B332F095FD5003E00FB /* ProductDetailService.swift */,
				69DB2B5F2F0E704B003E00FB /* CartService.swift */,
				6918E2162F339F2D006347A0 /* AddressService.swift */,
				6918E21D2F362747006347A0 /* OrdersService.swift */,
				69DB2A782EF817E6003E00FB /* SupabaseService.swift */,
			);
			path = Services;
			sourceTree = "<group>";
		};
		69DB2B4C2F0BAEEB003E00FB /* Models */ = {
			isa = PBXGroup;
			children = (
				69DB2B632F0E7117003E00FB /* CartDTO.swift */,
				69DB2B542F0BD9C0003E00FB /* UpdateProfileDTO.swift */,
				69DB2B522F0BD97C003E00FB /* UserDTO.swift */,
				69DB2B4D2F0BAEF2003E00FB /* UserDTO+Mock.swift */,
			);
			path = Models;
			sourceTree = "<group>";
		};
		69DB2B4F2F0BB044003E00FB /* Auth */ = {
			isa = PBXGroup;
			children = (
				69324CC42EB7BA35005906C1 /* RegistrationViewController.swift */,
				AD1ABAB52831907B00B3E448 /* LoginViewController.swift */,
				69DB2A7A2EF83091003E00FB /* ForgotViewController.swift */,
			);
			path = Auth;
			sourceTree = "<group>";
		};
		69DB2B502F0BB056003E00FB /* TabBar Items */ = {
			isa = PBXGroup;
			children = (
				69DB2B512F0BB08A003E00FB /* Menu */,
				6A1E10052F56A00100ABC001 /* Cake Designer */,
				691CEEFC2F2CA2AB00B17E1B /* Cart */,
				691CEF012F2CB1B700B17E1B /* Profile */,
			);
			path = "TabBar Items";
			sourceTree = "<group>";
		};
		69DB2B512F0BB08A003E00FB /* Menu */ = {
			isa = PBXGroup;
			children = (
				691CEF022F2CC74B00B17E1B /* LaravelMenuCell.swift */,
				69815A852ED8BFBC00F1FAA1 /* ProductDetailViewController.swift */,
				69701FE22ECE1281005DACD8 /* LaravelMenuViewController.swift */,
			);
			path = Menu;
			sourceTree = "<group>";
		};
		69DB2B562F0BDA0B003E00FB /* Cells */ = {
			isa = PBXGroup;
			children = (
				69DB2B592F0BDA25003E00FB /* SwitchCell.swift */,
				69DB2B572F0BDA15003E00FB /* TextFieldCell.swift */,
			);
			path = Cells;
			sourceTree = "<group>";
		};
		69EEC5632EAE25C00019CA67 /* MovieQuizFonts */ = {
			isa = PBXGroup;
			children = (
				69EEC5612EAE25C00019CA67 /* YS Display-Bold.ttf */,
				69EEC5622EAE25C00019CA67 /* YS Display-Medium.ttf */,
			);
			path = MovieQuizFonts;
			sourceTree = "<group>";
		};
		8F4738322848DE2A005DF65E /* Presentation */ = {
			isa = PBXGroup;
			children = (
				69DB2B562F0BDA0B003E00FB /* Cells */,
				69DB2B4A2F0BAE14003E00FB /* MainTabBarController.swift */,
				69DB2B502F0BB056003E00FB /* TabBar Items */,
				69DB2B4F2F0BB044003E00FB /* Auth */,
				695C2EEB2ECCD17B00EBEDF7 /* MenuViewController.swift */,
				697AC8662EC4D3DC00316CBD /* MainWindowViewController.swift */,
				69ACD87E2EBBA6150032C695 /* Supabase.swift */,
				69917EF52EC9FA9000A40AFE /* MapViewController.swift */,
				AD1ABAB72831907B00B3E448 /* Main.storyboard */,
			);
			path = Presentation;
			sourceTree = "<group>";
		};
		8F4738332848DE46005DF65E /* Resources */ = {
			isa = PBXGroup;
			children = (
				AD1ABABC2831907F00B3E448 /* LaunchScreen.storyboard */,
				AD1ABABA2831907F00B3E448 /* Assets.xcassets */,
				AD1ABABF2831907F00B3E448 /* Info.plist */,
				69EEC5632EAE25C00019CA67 /* MovieQuizFonts */,
			);
			path = Resources;
			sourceTree = "<group>";
		};
		A6FAF0362A7BFCF3A741AF3E /* Pods */ = {
			isa = PBXGroup;
			children = (
				B02BA7344914BE9C245783CD /* Pods-Cafe.debug.xcconfig */,
				AA19ECC7542DF5AE2EF11158 /* Pods-Cafe.release.xcconfig */,
			);
			path = Pods;
			sourceTree = "<group>";
		};
		AD1ABAA52831907B00B3E448 = {
			isa = PBXGroup;
			children = (
				AD1ABAB02831907B00B3E448 /* Cafe */,
				69BBA5AD2EBBAA8D0004890E /* Frameworks */,
				AD1ABAAF2831907B00B3E448 /* Products */,
				A6FAF0362A7BFCF3A741AF3E /* Pods */,
			);
			sourceTree = "<group>";
		};
		AD1ABAAF2831907B00B3E448 /* Products */ = {
			isa = PBXGroup;
			children = (
				AD1ABAAE2831907B00B3E448 /* Cafe.app */,
			);
			name = Products;
			sourceTree = "<group>";
		};
		AD1ABAB02831907B00B3E448 /* Cafe */ = {
			isa = PBXGroup;
			children = (
				69DB2B4C2F0BAEEB003E00FB /* Models */,
				783C076E2ED329B9004EA925 /* LottieLogo1.json */,
				AD1ABAB12831907B00B3E448 /* AppDelegate.swift */,
				AD1ABAB32831907B00B3E448 /* SceneDelegate.swift */,
				6918E2182F347F59006347A0 /* SplashViewController.swift */,
				ADF0CF75283FDAA10075F54D /* Helpers */,
				8F4738322848DE2A005DF65E /* Presentation */,
				8F4738332848DE46005DF65E /* Resources */,
				69DB2A772EF817D8003E00FB /* Services */,
				69DB2A722EF813F6003E00FB /* Common */,
			);
			path = Cafe;
			sourceTree = "<group>";
		};
		ADF0CF75283FDAA10075F54D /* Helpers */ = {
			isa = PBXGroup;
			children = (
				AD5EE5DD284D7887003966EF /* UIColor+Extensions.swift */,
				AD7AFA542836189F00399704 /* Array+Extensions.swift */,
				AD77F5732857F8810062FB14 /* Date+Extensions.swift */,
			);
			path = Helpers;
			sourceTree = "<group>";
		};
/* End PBXGroup section */

/* Begin PBXNativeTarget section */
		AD1ABAAD2831907B00B3E448 /* Cafe */ = {
			isa = PBXNativeTarget;
			buildConfigurationList = AD1ABAC22831907F00B3E448 /* Build configuration list for PBXNativeTarget "Cafe" */;
			buildPhases = (
				76BE42C2147FD1C075A854B8 /* [CP] Check Pods Manifest.lock */,
				AD1ABAAA2831907B00B3E448 /* Sources */,
				AD1ABAAB2831907B00B3E448 /* Frameworks */,
				AD1ABAAC2831907B00B3E448 /* Resources */,
				3E8984D9A467C5A1802C399D /* [CP] Copy Pods Resources */,
			);
			buildRules = (
			);
			dependencies = (
			);
			name = Cafe;
			productName = MovieQuiz;
			productReference = AD1ABAAE2831907B00B3E448 /* Cafe.app */;
			productType = "com.apple.product-type.application";
		};
/* End PBXNativeTarget section */

/* Begin PBXProject section */
		AD1ABAA62831907B00B3E448 /* Project object */ = {
			isa = PBXProject;
			attributes = {
				BuildIndependentTargetsInParallel = 1;
				LastSwiftUpdateCheck = 1330;
				LastUpgradeCheck = 1520;
				ORGANIZATIONNAME = "";
				TargetAttributes = {
					AD1ABAAD2831907B00B3E448 = {
						CreatedOnToolsVersion = 13.3.1;
					};
				};
			};
			buildConfigurationList = AD1ABAA92831907B00B3E448 /* Build configuration list for PBXProject "Cafe" */;
			compatibilityVersion = "Xcode 13.0";
			developmentRegion = en;
			hasScannedForEncodings = 0;
			knownRegions = (
				en,
				Base,
			);
			mainGroup = AD1ABAA52831907B00B3E448;
			packageReferences = (
				69ACD8802EBBA7C00032C695 /* XCRemoteSwiftPackageReference "supabase-swift" */,
				69917EF22EC9F9B300A40AFE /* XCRemoteSwiftPackageReference "mapbox-maps-ios" */,
				783C076B2ED3298B004EA925 /* XCRemoteSwiftPackageReference "lottie-spm" */,
				69DB2A6C2EF813C2003E00FB /* XCRemoteSwiftPackageReference "SnapKit" */,
			);
			productRefGroup = AD1ABAAF2831907B00B3E448 /* Products */;
			projectDirPath = "";
			projectRoot = "";
			targets = (
				AD1ABAAD2831907B00B3E448 /* Cafe */,
			);
		};
/* End PBXProject section */

/* Begin PBXResourcesBuildPhase section */
		AD1ABAAC2831907B00B3E448 /* Resources */ = {
			isa = PBXResourcesBuildPhase;
			buildActionMask = 2147483647;
			files = (
				69EEC5642EAE25C00019CA67 /* YS Display-Bold.ttf in Resources */,
				783C076F2ED329B9004EA925 /* LottieLogo1.json in Resources */,
				69EEC5652EAE25C00019CA67 /* YS Display-Medium.ttf in Resources */,
				AD1ABABE2831907F00B3E448 /* LaunchScreen.storyboard in Resources */,
				AD1ABABB2831907F00B3E448 /* Assets.xcassets in Resources */,
				AD1ABAB92831907B00B3E448 /* Main.storyboard in Resources */,
			);
			runOnlyForDeploymentPostprocessing = 0;
		};
/* End PBXResourcesBuildPhase section */

/* Begin PBXShellScriptBuildPhase section */
		3E8984D9A467C5A1802C399D /* [CP] Copy Pods Resources */ = {
			isa = PBXShellScriptBuildPhase;
			buildActionMask = 2147483647;
			files = (
			);
			inputFileListPaths = (
				"${PODS_ROOT}/Target Support Files/Pods-Cafe/Pods-Cafe-resources-${CONFIGURATION}-input-files.xcfilelist",
			);
			inputPaths = (
			);
			name = "[CP] Copy Pods Resources";
			outputFileListPaths = (
				"${PODS_ROOT}/Target Support Files/Pods-Cafe/Pods-Cafe-resources-${CONFIGURATION}-output-files.xcfilelist",
			);
			outputPaths = (
			);
			runOnlyForDeploymentPostprocessing = 0;
			shellPath = /bin/sh;
			shellScript = "\"${PODS_ROOT}/Target Support Files/Pods-Cafe/Pods-Cafe-resources.sh\"\n";
			showEnvVarsInLog = 0;
		};
		76BE42C2147FD1C075A854B8 /* [CP] Check Pods Manifest.lock */ = {
			isa = PBXShellScriptBuildPhase;
			buildActionMask = 2147483647;
			files = (
			);
			inputFileListPaths = (
			);
			inputPaths = (
				"${PODS_PODFILE_DIR_PATH}/Podfile.lock",
				"${PODS_ROOT}/Manifest.lock",
			);
			name = "[CP] Check Pods Manifest.lock";
			outputFileListPaths = (
			);
			outputPaths = (
				"$(DERIVED_FILE_DIR)/Pods-Cafe-checkManifestLockResult.txt",
			);
			runOnlyForDeploymentPostprocessing = 0;
			shellPath = /bin/sh;
			shellScript = "diff \"${PODS_PODFILE_DIR_PATH}/Podfile.lock\" \"${PODS_ROOT}/Manifest.lock\" > /dev/null\nif [ $? != 0 ] ; then\n    # print error to STDERR\n    echo \"error: The sandbox is not in sync with the Podfile.lock. Run 'pod install' or update your CocoaPods installation.\" >&2\n    exit 1\nfi\n# This output is used by Xcode 'outputs' to avoid re-running this script phase.\necho \"SUCCESS\" > \"${SCRIPT_OUTPUT_FILE_0}\"\n";
			showEnvVarsInLog = 0;
		};
/* End PBXShellScriptBuildPhase section */

/* Begin PBXSourcesBuildPhase section */
		AD1ABAAA2831907B00B3E448 /* Sources */ = {
			isa = PBXSourcesBuildPhase;
			buildActionMask = 2147483647;
			files = (
				6A1E10012F56A00100ABC001 /* CakeDesign.swift in Sources */,
				6A1E10022F56A00100ABC001 /* CakeDesignerViewController.swift in Sources */,
				AD5EE5DE284D7887003966EF /* UIColor+Extensions.swift in Sources */,
				6918E21C2F35FB27006347A0 /* MakeOrderViewController.swift in Sources */,
				69DB2B642F0E711D003E00FB /* CartDTO.swift in Sources */,
				694DD43A2F3CED2B0074AC78 /* OrdersViewController.swift in Sources */,
				697AC8672EC4D3EF00316CBD /* MainWindowViewController.swift in Sources */,
				69DB2B4B2F0BAE15003E00FB /* MainTabBarController.swift in Sources */,
				AD7AFA552836189F00399704 /* Array+Extensions.swift in Sources */,
				69DB2B552F0BD9C1003E00FB /* UpdateProfileDTO.swift in Sources */,
				69DB2A7E2EF92E64003E00FB /* AuthService.swift in Sources */,
				AD1ABAB62831907B00B3E448 /* LoginViewController.swift in Sources */,
				6918E1F22F326A74006347A0 /* AddAddressViewController.swift in Sources */,
				69DB2B582F0BDA15003E00FB /* TextFieldCell.swift in Sources */,
				69DB2B532F0BD97C003E00FB /* UserDTO.swift in Sources */,
				69815A862ED8BFBE00F1FAA1 /* ProductDetailViewController.swift in Sources */,
				691CEF002F2CA31100B17E1B /* CartItemCell.swift in Sources */,
				6918E21E2F362748006347A0 /* OrdersService.swift in Sources */,
				69DB2A792EF817EE003E00FB /* SupabaseService.swift in Sources */,
				69DB2B5A2F0BDA28003E00FB /* SwitchCell.swift in Sources */,
				695C2EEC2ECCD19400EBEDF7 /* MenuViewController.swift in Sources */,
				69917EF62EC9FA9000A40AFE /* MapViewController.swift in Sources */,
				AD77F5742857F8810062FB14 /* Date+Extensions.swift in Sources */,
				69DB2B342F095FDF003E00FB /* ProductDetailService.swift in Sources */,
				697D7A2B2F41F97D00B4BB75 /* OrderDetailsViewController.swift in Sources */,
				694DD43C2F3CED860074AC78 /* OrderCell.swift in Sources */,
				69DB2B602F0E704D003E00FB /* CartService.swift in Sources */,
				69DB2B5C2F0E61DB003E00FB /* CartViewController.swift in Sources */,
				69DB2B322F095E1B003E00FB /* ProductsService.swift in Sources */,
				6918E2172F339F2E006347A0 /* AddressService.swift in Sources */,
				AD1ABAB22831907B00B3E448 /* AppDelegate.swift in Sources */,
				69ACD87F2EBBA6190032C695 /* Supabase.swift in Sources */,
				69701FE32ECE1292005DACD8 /* LaravelMenuViewController.swift in Sources */,
				69DB2A742EF81403003E00FB /* Shark.swift in Sources */,
				6918E2092F3363E8006347A0 /* AddressCell.swift in Sources */,
				6918E2192F347F5B006347A0 /* SplashViewController.swift in Sources */,
				6918E1F02F326A5C006347A0 /* AddressesViewController.swift in Sources */,
				6918E1EE2F326A50006347A0 /* AdressesMock.swift in Sources */,
				69DB2B622F0E70B9003E00FB /* APIClient.swift in Sources */,
				69DB2A762EF81452003E00FB /* Tap.swift in Sources */,
				69DB2A7B2EF83093003E00FB /* ForgotViewController.swift in Sources */,
				69DB2B492F0BA5F2003E00FB /* ProfileViewController.swift in Sources */,
				69DB2B4E2F0BAEF4003E00FB /* UserDTO+Mock.swift in Sources */,
				691CEEFE2F2CA2C600B17E1B /* CartMock.swift in Sources */,
				AD1ABAB42831907B00B3E448 /* SceneDelegate.swift in Sources */,
				6918E20B2F336808006347A0 /* LabeledFieldView.swift in Sources */,
				691CEF032F2CC74C00B17E1B /* LaravelMenuCell.swift in Sources */,
				69324CC52EB7BA3A005906C1 /* RegistrationViewController.swift in Sources */,
			);
			runOnlyForDeploymentPostprocessing = 0;
		};
/* End PBXSourcesBuildPhase section */

/* Begin PBXVariantGroup section */
		AD1ABAB72831907B00B3E448 /* Main.storyboard */ = {
			isa = PBXVariantGroup;
			children = (
				AD1ABAB82831907B00B3E448 /* Base */,
			);
			name = Main.storyboard;
			sourceTree = "<group>";
		};
		AD1ABABC2831907F00B3E448 /* LaunchScreen.storyboard */ = {
			isa = PBXVariantGroup;
			children = (
				AD1ABABD2831907F00B3E448 /* Base */,
			);
			name = LaunchScreen.storyboard;
			sourceTree = "<group>";
		};
/* End PBXVariantGroup section */

/* Begin XCBuildConfiguration section */
		AD1ABAC02831907F00B3E448 /* Debug */ = {
			isa = XCBuildConfiguration;
			buildSettings = {
				ALWAYS_SEARCH_USER_PATHS = NO;
				ASSETCATALOG_COMPILER_GENERATE_SWIFT_ASSET_SYMBOL_EXTENSIONS = YES;
				CLANG_ANALYZER_NONNULL = YES;
				CLANG_ANALYZER_NUMBER_OBJECT_CONVERSION = YES_AGGRESSIVE;
				CLANG_CXX_LANGUAGE_STANDARD = "gnu++17";
				CLANG_ENABLE_MODULES = YES;
				CLANG_ENABLE_OBJC_ARC = YES;
				CLANG_ENABLE_OBJC_WEAK = YES;
				CLANG_WARN_BLOCK_CAPTURE_AUTORELEASING = YES;
				CLANG_WARN_BOOL_CONVERSION = YES;
				CLANG_WARN_COMMA = YES;
				CLANG_WARN_CONSTANT_CONVERSION = YES;
				CLANG_WARN_DEPRECATED_OBJC_IMPLEMENTATIONS = YES;
				CLANG_WARN_DIRECT_OBJC_ISA_USAGE = YES_ERROR;
				CLANG_WARN_DOCUMENTATION_COMMENTS = YES;
				CLANG_WARN_EMPTY_BODY = YES;
				CLANG_WARN_ENUM_CONVERSION = YES;
				CLANG_WARN_INFINITE_RECURSION = YES;
				CLANG_WARN_INT_CONVERSION = YES;
				CLANG_WARN_NON_LITERAL_NULL_CONVERSION = YES;
				CLANG_WARN_OBJC_IMPLICIT_RETAIN_SELF = YES;
				CLANG_WARN_OBJC_LITERAL_CONVERSION = YES;
				CLANG_WARN_OBJC_ROOT_CLASS = YES_ERROR;
				CLANG_WARN_QUOTED_INCLUDE_IN_FRAMEWORK_HEADER = YES;
				CLANG_WARN_RANGE_LOOP_ANALYSIS = YES;
				CLANG_WARN_STRICT_PROTOTYPES = YES;
				CLANG_WARN_SUSPICIOUS_MOVE = YES;
				CLANG_WARN_UNGUARDED_AVAILABILITY = YES_AGGRESSIVE;
				CLANG_WARN_UNREACHABLE_CODE = YES;
				CLANG_WARN__DUPLICATE_METHOD_MATCH = YES;
				COPY_PHASE_STRIP = NO;
				DEBUG_INFORMATION_FORMAT = dwarf;
				ENABLE_STRICT_OBJC_MSGSEND = YES;
				ENABLE_TESTABILITY = YES;
				ENABLE_USER_SCRIPT_SANDBOXING = YES;
				GCC_C_LANGUAGE_STANDARD = gnu11;
				GCC_DYNAMIC_NO_PIC = NO;
				GCC_NO_COMMON_BLOCKS = YES;
				GCC_OPTIMIZATION_LEVEL = 0;
				GCC_PREPROCESSOR_DEFINITIONS = (
					"DEBUG=1",
					"$(inherited)",
				);
				GCC_WARN_64_TO_32_BIT_CONVERSION = YES;
				GCC_WARN_ABOUT_RETURN_TYPE = YES_ERROR;
				GCC_WARN_UNDECLARED_SELECTOR = YES;
				GCC_WARN_UNINITIALIZED_AUTOS = YES_AGGRESSIVE;
				GCC_WARN_UNUSED_FUNCTION = YES;
				GCC_WARN_UNUSED_VARIABLE = YES;
				IPHONEOS_DEPLOYMENT_TARGET = 15.0;
				MTL_ENABLE_DEBUG_INFO = INCLUDE_SOURCE;
				MTL_FAST_MATH = YES;
				ONLY_ACTIVE_ARCH = YES;
				SDKROOT = iphoneos;
				SWIFT_ACTIVE_COMPILATION_CONDITIONS = DEBUG;
				SWIFT_OPTIMIZATION_LEVEL = "-Onone";
			};
			name = Debug;
		};
		AD1ABAC12831907F00B3E448 /* Release */ = {
			isa = XCBuildConfiguration;
			buildSettings = {
				ALWAYS_SEARCH_USER_PATHS = NO;
				ASSETCATALOG_COMPILER_GENERATE_SWIFT_ASSET_SYMBOL_EXTENSIONS = YES;
				CLANG_ANALYZER_NONNULL = YES;
				CLANG_ANALYZER_NUMBER_OBJECT_CONVERSION = YES_AGGRESSIVE;
				CLANG_CXX_LANGUAGE_STANDARD = "gnu++17";
				CLANG_ENABLE_MODULES = YES;
				CLANG_ENABLE_OBJC_ARC = YES;
				CLANG_ENABLE_OBJC_WEAK = YES;
				CLANG_WARN_BLOCK_CAPTURE_AUTORELEASING = YES;
				CLANG_WARN_BOOL_CONVERSION = YES;
				CLANG_WARN_COMMA = YES;
				CLANG_WARN_CONSTANT_CONVERSION = YES;
				CLANG_WARN_DEPRECATED_OBJC_IMPLEMENTATIONS = YES;
				CLANG_WARN_DIRECT_OBJC_ISA_USAGE = YES_ERROR;
				CLANG_WARN_DOCUMENTATION_COMMENTS = YES;
				CLANG_WARN_EMPTY_BODY = YES;
				CLANG_WARN_ENUM_CONVERSION = YES;
				CLANG_WARN_INFINITE_RECURSION = YES;
				CLANG_WARN_INT_CONVERSION = YES;
				CLANG_WARN_NON_LITERAL_NULL_CONVERSION = YES;
				CLANG_WARN_OBJC_IMPLICIT_RETAIN_SELF = YES;
				CLANG_WARN_OBJC_LITERAL_CONVERSION = YES;
				CLANG_WARN_OBJC_ROOT_CLASS = YES_ERROR;
				CLANG_WARN_QUOTED_INCLUDE_IN_FRAMEWORK_HEADER = YES;
				CLANG_WARN_RANGE_LOOP_ANALYSIS = YES;
				CLANG_WARN_STRICT_PROTOTYPES = YES;
				CLANG_WARN_SUSPICIOUS_MOVE = YES;
				CLANG_WARN_UNGUARDED_AVAILABILITY = YES_AGGRESSIVE;
				CLANG_WARN_UNREACHABLE_CODE = YES;
				CLANG_WARN__DUPLICATE_METHOD_MATCH = YES;
				COPY_PHASE_STRIP = NO;
				DEBUG_INFORMATION_FORMAT = "dwarf-with-dsym";
				ENABLE_NS_ASSERTIONS = NO;
				ENABLE_STRICT_OBJC_MSGSEND = YES;
				ENABLE_USER_SCRIPT_SANDBOXING = YES;
				GCC_C_LANGUAGE_STANDARD = gnu11;
				GCC_NO_COMMON_BLOCKS = YES;
				GCC_WARN_64_TO_32_BIT_CONVERSION = YES;
				GCC_WARN_ABOUT_RETURN_TYPE = YES_ERROR;
				GCC_WARN_UNDECLARED_SELECTOR = YES;
				GCC_WARN_UNINITIALIZED_AUTOS = YES_AGGRESSIVE;
				GCC_WARN_UNUSED_FUNCTION = YES;
				GCC_WARN_UNUSED_VARIABLE = YES;
				IPHONEOS_DEPLOYMENT_TARGET = 15.0;
				MTL_ENABLE_DEBUG_INFO = NO;
				MTL_FAST_MATH = YES;
				SDKROOT = iphoneos;
				SWIFT_COMPILATION_MODE = wholemodule;
				SWIFT_OPTIMIZATION_LEVEL = "-O";
				VALIDATE_PRODUCT = YES;
			};
			name = Release;
		};
		AD1ABAC32831907F00B3E448 /* Debug */ = {
			isa = XCBuildConfiguration;
			baseConfigurationReference = B02BA7344914BE9C245783CD /* Pods-Cafe.debug.xcconfig */;
			buildSettings = {
				ASSETCATALOG_COMPILER_APPICON_NAME = AppIcon;
				CODE_SIGN_STYLE = Automatic;
				CURRENT_PROJECT_VERSION = 1;
				DEVELOPMENT_TEAM = TU49UKVVFH;
				ENABLE_USER_SCRIPT_SANDBOXING = NO;
				GENERATE_INFOPLIST_FILE = YES;
				INFOPLIST_FILE = Cafe/Resources/Info.plist;
				INFOPLIST_KEY_UIApplicationSupportsIndirectInputEvents = YES;
				INFOPLIST_KEY_UILaunchStoryboardName = LaunchScreen;
				INFOPLIST_KEY_UIMainStoryboardFile = Main;
				INFOPLIST_KEY_UIStatusBarHidden = YES;
				INFOPLIST_KEY_UISupportedInterfaceOrientations = UIInterfaceOrientationPortrait;
				INFOPLIST_KEY_UISupportedInterfaceOrientations_iPad = "UIInterfaceOrientationPortrait UIInterfaceOrientationPortraitUpsideDown UIInterfaceOrientationLandscapeLeft UIInterfaceOrientationLandscapeRight";
				INFOPLIST_KEY_UISupportedInterfaceOrientations_iPhone = "UIInterfaceOrientationPortrait UIInterfaceOrientationLandscapeLeft UIInterfaceOrientationLandscapeRight";
				IPHONEOS_DEPLOYMENT_TARGET = 15.0;
				LD_RUNPATH_SEARCH_PATHS = (
					"$(inherited)",
					"@executable_path/Frameworks",
				);
				MARKETING_VERSION = 1.0;
				OTHER_LDFLAGS = (
					"$(inherited)",
					"-ObjC",
					"-l\"c++\"",
					"-l\"resolv\"",
					"-framework",
					"\"CoreFoundation\"",
					"-framework",
					"\"CoreGraphics\"",
					"-framework",
					"\"CoreLocation\"",
					"-framework",
					"\"CoreMotion\"",
					"-framework",
					"\"CoreTelephony\"",
					"-framework",
					"\"DeviceCheck\"",
					"-framework",
					"\"Foundation\"",
					"-framework",
					"\"NetworkExtension\"",
					"-framework",
					"\"OpenGLES\"",
					"-framework",
					"\"QuartzCore\"",
					"-framework",
					"\"Security\"",
					"-framework",
					"\"SystemConfiguration\"",
					"-framework",
					"\"UIKit\"",
					"-framework",
					"\"YandexMapsMobile\"",
				);
				PRODUCT_BUNDLE_IDENTIFIER = com.desert.stud;
				PRODUCT_NAME = "$(TARGET_NAME)";
				SWIFT_EMIT_LOC_STRINGS = YES;
				SWIFT_VERSION = 5.0;
				TARGETED_DEVICE_FAMILY = 1;
			};
			name = Debug;
		};
		AD1ABAC42831907F00B3E448 /* Release */ = {
			isa = XCBuildConfiguration;
			baseConfigurationReference = AA19ECC7542DF5AE2EF11158 /* Pods-Cafe.release.xcconfig */;
			buildSettings = {
				ASSETCATALOG_COMPILER_APPICON_NAME = AppIcon;
				CODE_SIGN_STYLE = Automatic;
				CURRENT_PROJECT_VERSION = 1;
				DEVELOPMENT_TEAM = TU49UKVVFH;
				ENABLE_USER_SCRIPT_SANDBOXING = NO;
				GENERATE_INFOPLIST_FILE = YES;
				INFOPLIST_FILE = Cafe/Resources/Info.plist;
				INFOPLIST_KEY_UIApplicationSupportsIndirectInputEvents = YES;
				INFOPLIST_KEY_UILaunchStoryboardName = LaunchScreen;
				INFOPLIST_KEY_UIMainStoryboardFile = Main;
				INFOPLIST_KEY_UIStatusBarHidden = YES;
				INFOPLIST_KEY_UISupportedInterfaceOrientations = UIInterfaceOrientationPortrait;
				INFOPLIST_KEY_UISupportedInterfaceOrientations_iPad = "UIInterfaceOrientationPortrait UIInterfaceOrientationPortraitUpsideDown UIInterfaceOrientationLandscapeLeft UIInterfaceOrientationLandscapeRight";
				INFOPLIST_KEY_UISupportedInterfaceOrientations_iPhone = "UIInterfaceOrientationPortrait UIInterfaceOrientationLandscapeLeft UIInterfaceOrientationLandscapeRight";
				IPHONEOS_DEPLOYMENT_TARGET = 15.0;
				LD_RUNPATH_SEARCH_PATHS = (
					"$(inherited)",
					"@executable_path/Frameworks",
				);
				MARKETING_VERSION = 1.0;
				OTHER_LDFLAGS = (
					"$(inherited)",
					"-ObjC",
					"-l\"c++\"",
					"-l\"resolv\"",
					"-framework",
					"\"CoreFoundation\"",
					"-framework",
					"\"CoreGraphics\"",
					"-framework",
					"\"CoreLocation\"",
					"-framework",
					"\"CoreMotion\"",
					"-framework",
					"\"CoreTelephony\"",
					"-framework",
					"\"DeviceCheck\"",
					"-framework",
					"\"Foundation\"",
					"-framework",
					"\"NetworkExtension\"",
					"-framework",
					"\"OpenGLES\"",
					"-framework",
					"\"QuartzCore\"",
					"-framework",
					"\"Security\"",
					"-framework",
					"\"SystemConfiguration\"",
					"-framework",
					"\"UIKit\"",
					"-framework",
					"\"YandexMapsMobile\"",
				);
				PRODUCT_BUNDLE_IDENTIFIER = com.desert.stud;
				PRODUCT_NAME = "$(TARGET_NAME)";
				SWIFT_EMIT_LOC_STRINGS = YES;
				SWIFT_VERSION = 5.0;
				TARGETED_DEVICE_FAMILY = 1;
			};
			name = Release;
		};
/* End XCBuildConfiguration section */

/* Begin XCConfigurationList section */
		AD1ABAA92831907B00B3E448 /* Build configuration list for PBXProject "Cafe" */ = {
			isa = XCConfigurationList;
			buildConfigurations = (
				AD1ABAC02831907F00B3E448 /* Debug */,
				AD1ABAC12831907F00B3E448 /* Release */,
			);
			defaultConfigurationIsVisible = 0;
			defaultConfigurationName = Release;
		};
		AD1ABAC22831907F00B3E448 /* Build configuration list for PBXNativeTarget "Cafe" */ = {
			isa = XCConfigurationList;
			buildConfigurations = (
				AD1ABAC32831907F00B3E448 /* Debug */,
				AD1ABAC42831907F00B3E448 /* Release */,
			);
			defaultConfigurationIsVisible = 0;
			defaultConfigurationName = Release;
		};
/* End XCConfigurationList section */

/* Begin XCRemoteSwiftPackageReference section */
		69917EF22EC9F9B300A40AFE /* XCRemoteSwiftPackageReference "mapbox-maps-ios" */ = {
			isa = XCRemoteSwiftPackageReference;
			repositoryURL = "https://github.com/mapbox/mapbox-maps-ios.git";
			requirement = {
				kind = upToNextMajorVersion;
				minimumVersion = 11.0.0;
			};
		};
		69ACD8802EBBA7C00032C695 /* XCRemoteSwiftPackageReference "supabase-swift" */ = {
			isa = XCRemoteSwiftPackageReference;
			repositoryURL = "https://github.com/supabase/supabase-swift";
			requirement = {
				kind = upToNextMajorVersion;
				minimumVersion = 2.5.1;
			};
		};
		69DB2A6C2EF813C2003E00FB /* XCRemoteSwiftPackageReference "SnapKit" */ = {
			isa = XCRemoteSwiftPackageReference;
			repositoryURL = "https://github.com/SnapKit/SnapKit.git";
			requirement = {
				kind = upToNextMajorVersion;
				minimumVersion = 5.7.1;
			};
		};
		783C076B2ED3298B004EA925 /* XCRemoteSwiftPackageReference "lottie-spm" */ = {
			isa = XCRemoteSwiftPackageReference;
			repositoryURL = "https://github.com/airbnb/lottie-spm.git";
			requirement = {
				kind = upToNextMajorVersion;
				minimumVersion = 4.5.2;
			};
		};
/* End XCRemoteSwiftPackageReference section */

/* Begin XCSwiftPackageProductDependency section */
		69917EF32EC9F9B300A40AFE /* MapboxMaps */ = {
			isa = XCSwiftPackageProductDependency;
			package = 69917EF22EC9F9B300A40AFE /* XCRemoteSwiftPackageReference "mapbox-maps-ios" */;
			productName = MapboxMaps;
		};
		69ACD8812EBBA7C00032C695 /* Auth */ = {
			isa = XCSwiftPackageProductDependency;
			package = 69ACD8802EBBA7C00032C695 /* XCRemoteSwiftPackageReference "supabase-swift" */;
			productName = Auth;
		};
		69ACD8832EBBA7C00032C695 /* Functions */ = {
			isa = XCSwiftPackageProductDependency;
			package = 69ACD8802EBBA7C00032C695 /* XCRemoteSwiftPackageReference "supabase-swift" */;
			productName = Functions;
		};
		69ACD8852EBBA7C00032C695 /* PostgREST */ = {
			isa = XCSwiftPackageProductDependency;
			package = 69ACD8802EBBA7C00032C695 /* XCRemoteSwiftPackageReference "supabase-swift" */;
			productName = PostgREST;
		};
		69ACD8872EBBA7C00032C695 /* Realtime */ = {
			isa = XCSwiftPackageProductDependency;
			package = 69ACD8802EBBA7C00032C695 /* XCRemoteSwiftPackageReference "supabase-swift" */;
			productName = Realtime;
		};
		69ACD8892EBBA7C00032C695 /* Storage */ = {
			isa = XCSwiftPackageProductDependency;
			package = 69ACD8802EBBA7C00032C695 /* XCRemoteSwiftPackageReference "supabase-swift" */;
			productName = Storage;
		};
		69ACD88B2EBBA93C0032C695 /* Auth */ = {
			isa = XCSwiftPackageProductDependency;
			package = 69ACD8802EBBA7C00032C695 /* XCRemoteSwiftPackageReference "supabase-swift" */;
			productName = Auth;
		};
		69ACD88D2EBBA93C0032C695 /* Functions */ = {
			isa = XCSwiftPackageProductDependency;
			package = 69ACD8802EBBA7C00032C695 /* XCRemoteSwiftPackageReference "supabase-swift" */;
			productName = Functions;
		};
		69ACD88F2EBBA93C0032C695 /* PostgREST */ = {
			isa = XCSwiftPackageProductDependency;
			package = 69ACD8802EBBA7C00032C695 /* XCRemoteSwiftPackageReference "supabase-swift" */;
			productName = PostgREST;
		};
		69ACD8912EBBA93C0032C695 /* Realtime */ = {
			isa = XCSwiftPackageProductDependency;
			package = 69ACD8802EBBA7C00032C695 /* XCRemoteSwiftPackageReference "supabase-swift" */;
			productName = Realtime;
		};
		69ACD8932EBBA93C0032C695 /* Storage */ = {
			isa = XCSwiftPackageProductDependency;
			package = 69ACD8802EBBA7C00032C695 /* XCRemoteSwiftPackageReference "supabase-swift" */;
			productName = Storage;
		};
		69BBA5AE2EBBAA8D0004890E /* Auth */ = {
			isa = XCSwiftPackageProductDependency;
			package = 69ACD8802EBBA7C00032C695 /* XCRemoteSwiftPackageReference "supabase-swift" */;
			productName = Auth;
		};
		69BBA5B02EBBAA8D0004890E /* Functions */ = {
			isa = XCSwiftPackageProductDependency;
			package = 69ACD8802EBBA7C00032C695 /* XCRemoteSwiftPackageReference "supabase-swift" */;
			productName = Functions;
		};
		69BBA5B22EBBAA8D0004890E /* PostgREST */ = {
			isa = XCSwiftPackageProductDependency;
			package = 69ACD8802EBBA7C00032C695 /* XCRemoteSwiftPackageReference "supabase-swift" */;
			productName = PostgREST;
		};
		69BBA5B42EBBAA8D0004890E /* Realtime */ = {
			isa = XCSwiftPackageProductDependency;
			package = 69ACD8802EBBA7C00032C695 /* XCRemoteSwiftPackageReference "supabase-swift" */;
			productName = Realtime;
		};
		69BBA5B62EBBAA8D0004890E /* Storage */ = {
			isa = XCSwiftPackageProductDependency;
			package = 69ACD8802EBBA7C00032C695 /* XCRemoteSwiftPackageReference "supabase-swift" */;
			productName = Storage;
		};
		69BBA5B82EBBAA8D0004890E /* Supabase */ = {
			isa = XCSwiftPackageProductDependency;
			package = 69ACD8802EBBA7C00032C695 /* XCRemoteSwiftPackageReference "supabase-swift" */;
			productName = Supabase;
		};
		69DB2A6D2EF813C2003E00FB /* SnapKit */ = {
			isa = XCSwiftPackageProductDependency;
			package = 69DB2A6C2EF813C2003E00FB /* XCRemoteSwiftPackageReference "SnapKit" */;
			productName = SnapKit;
		};
		783C076C2ED3298B004EA925 /* Lottie */ = {
			isa = XCSwiftPackageProductDependency;
			package = 783C076B2ED3298B004EA925 /* XCRemoteSwiftPackageReference "lottie-spm" */;
			productName = Lottie;
		};
/* End XCSwiftPackageProductDependency section */
	};
	rootObject = AD1ABAA62831907B00B3E448 /* Project object */;
}
